
Microsoft Visual Studio Solution File, Format Version 12.00
# Visual Studio Version 17
VisualStudioVersion = 17.5.33516.290
MinimumVisualStudioVersion = 10.0.40219.1
Project("{FAE04EC0-301F-11D3-BF4B-00C04F79EFBC}") = "StudentList", "StudentList\StudentList.csproj", "{954DA5F3-AB1F-499B-9094-4793C777DA42}"
EndProject
Project("{FAE04EC0-301F-11D3-BF4B-00C04F79EFBC}") = "Paint", "Paint\Paint.csproj", "{D177A8D0-2E91-49C5-9EE3-FC4E5D434680}"
EndProject
Global
	GlobalSection(SolutionConfigurationPlatforms) = preSolution
		Debug|Any CPU = Debug|Any CPU
		Release|Any CPU = Release|Any CPU
	EndGlobalSection
	GlobalSection(ProjectConfigurationPlatforms) = postSolution
		{954DA5F3-AB1F-499B-9094-4793C777DA42}.Debug|Any CPU.ActiveCfg = Debug|Any CPU
		{954DA5F3-AB1F-499B-9094-4793C777DA42}.Debug|Any CPU.Build.0 = Debug|Any CPU
		{954DA5F3-AB1F-499B-9094-4793C777DA42}.Release|Any CPU.ActiveCfg = Release|Any CPU
		{954DA5F3-AB1F-499B-9094-4793C777DA42}.Release|Any CPU.Build.0 = Release|Any CPU
		{D177A8D0-2E91-49C5-9EE3-FC4E5D434680}.Debug|Any CPU.ActiveCfg = Debug|Any CPU
		{D177A8D0-2E91-49C5-9EE3-FC4E5D434680}.Debug|Any CPU.Build.0 = Debug|Any CPU
		{D177A8D0-2E91-49C5-9EE3-FC4E5D434680}.Release|Any CPU.ActiveCfg = Release|Any CPU
		{D177A8D0-2E91-49C5-9EE3-FC4E5D434680}.Release|Any CPU.Build.0 = Release|Any CPU
	EndGlobalSection
	GlobalSection(SolutionProperties) = preSolution
		HideSolutionNode = FALSE
	EndGlobalSection
	GlobalSection(ExtensibilityGlobals) = postSolution
		SolutionGuid = {5CE1F24A-4A4F-4608-B5AD-493C1FCC26BF}
	EndGlobalSection
EndGlobal
